Microsoft Visual Studio Solution File, Format Version 12.00
# Visual Studio Version 17
VisualStudioVersion = 17.13.35828.75
MinimumVisualStudioVersion = 10.0.40219.1
Project("{FAE04EC0-301F-11D3-BF4B-00C04F79EFBC}") = "Consumer", "Consumer\Consumer.csproj", "{E8BF2469-74A4-42E7-966E-E3AC3EF71821}"
EndProject
Project("{FAE04EC0-301F-11D3-BF4B-00C04F79EFBC}") = "Producer", "Producer\Producer.csproj", "{7EE0E8DF-0C14-482C-9400-23238117A375}"
EndProject
Global
	GlobalSection(SolutionConfigurationPlatforms) = preSolution
		Debug|Any CPU = Debug|Any CPU
		Release|Any CPU = Release|Any CPU
	EndGlobalSection
	GlobalSection(ProjectConfigurationPlatforms) = postSolution
		{E8BF2469-74A4-42E7-966E-E3AC3EF71821}.Debug|Any CPU.ActiveCfg = Debug|Any CPU
		{E8BF2469-74A4-42E7-966E-E3AC3EF71821}.Debug|Any CPU.Build.0 = Debug|Any CPU
		{E8BF2469-74A4-42E7-966E-E3AC3EF71821}.Release|Any CPU.ActiveCfg = Release|Any CPU
		{E8BF2469-74A4-42E7-966E-E3AC3EF71821}.Release|Any CPU.Build.0 = Release|Any CPU
		{7EE0E8DF-0C14-482C-9400-23238117A375}.Debug|Any CPU.ActiveCfg = Debug|Any CPU
		{7EE0E8DF-0C14-482C-9400-23238117A375}.Debug|Any CPU.Build.0 = Debug|Any CPU
		{7EE0E8DF-0C14-482C-9400-23238117A375}.Release|Any CPU.ActiveCfg = Release|Any CPU
		{7EE0E8DF-0C14-482C-9400-23238117A375}.Release|Any CPU.Build.0 = Release|Any CPU
	EndGlobalSection
	GlobalSection(SolutionProperties) = preSolution
		HideSolutionNode = FALSE
	EndGlobalSection
	GlobalSection(ExtensibilityGlobals) = postSolution
		SolutionGuid = {FF3E8CED-B563-4E46-BE57-8E2744876E2B}
	EndGlobalSection
EndGlobal
